
Microsoft Visual Studio Solution File, Format Version 12.00
# Visual Studio 15
VisualStudioVersion = 15.0.28307.136
MinimumVisualStudioVersion = 10.0.40219.1
Project("{E24C65DC-7377-472B-9ABA-BC803B73C61A}") = "WebVote", "WebVote\", "{D245DDA2-5733-4D87-A376-9434EBB56C29}"
	ProjectSection(WebsiteProperties) = preProject
		TargetFrameworkMoniker = ".NETFramework,Version%3Dv4.6.1"
		Debug.AspNetCompiler.VirtualPath = "/localhost_55889"
		Debug.AspNetCompiler.PhysicalPath = "WebVote\"
		Debug.AspNetCompiler.TargetPath = "PrecompiledWeb\localhost_55889\"
		Debug.AspNetCompiler.Updateable = "true"
		Debug.AspNetCompiler.ForceOverwrite = "true"
		Debug.AspNetCompiler.FixedNames = "false"
		Debug.AspNetCompiler.Debug = "True"
		Release.AspNetCompiler.VirtualPath = "/localhost_55889"
		Release.AspNetCompiler.PhysicalPath = "WebVote\"
		Release.AspNetCompiler.TargetPath = "PrecompiledWeb\localhost_55889\"
		Release.AspNetCompiler.Updateable = "true"
		Release.AspNetCompiler.ForceOverwrite = "true"
		Release.AspNetCompiler.FixedNames = "false"
		Release.AspNetCompiler.Debug = "False"
		VWDPort = "55889"
		SlnRelativePath = "WebVote\"
		DefaultWebSiteLanguage = "Visual C#"
	EndProjectSection
EndProject
Global
	GlobalSection(SolutionConfigurationPlatforms) = preSolution
		Debug|Any CPU = Debug|Any CPU
	EndGlobalSection
	GlobalSection(ProjectConfigurationPlatforms) = postSolution
		{D245DDA2-5733-4D87-A376-9434EBB56C29}.Debug|Any CPU.ActiveCfg = Debug|Any CPU
		{D245DDA2-5733-4D87-A376-9434EBB56C29}.Debug|Any CPU.Build.0 = Debug|Any CPU
	EndGlobalSection
	GlobalSection(SolutionProperties) = preSolution
		HideSolutionNode = FALSE
	EndGlobalSection
	GlobalSection(ExtensibilityGlobals) = postSolution
		SolutionGuid = {DA7EA2E5-1E0D-4F14-A104-F8F9320D4334}
	EndGlobalSection
EndGlobal
