
Microsoft Visual Studio Solution File, Format Version 12.00
# Visual Studio 15
VisualStudioVersion = 15.0.28307.106
MinimumVisualStudioVersion = 10.0.40219.1
Project("{E24C65DC-7377-472B-9ABA-BC803B73C61A}") = "ASP3-CustomerManagement", "ASP3-CustomerManagement\", "{96E69255-0018-4491-B424-5B92939C019C}"
	ProjectSection(WebsiteProperties) = preProject
		TargetFrameworkMoniker = ".NETFramework,Version%3Dv4.6.1"
		Debug.AspNetCompiler.VirtualPath = "/localhost_57119"
		Debug.AspNetCompiler.PhysicalPath = "ASP3-CustomerManagement\"
		Debug.AspNetCompiler.TargetPath = "PrecompiledWeb\localhost_57119\"
		Debug.AspNetCompiler.Updateable = "true"
		Debug.AspNetCompiler.ForceOverwrite = "true"
		Debug.AspNetCompiler.FixedNames = "false"
		Debug.AspNetCompiler.Debug = "True"
		Release.AspNetCompiler.VirtualPath = "/localhost_57119"
		Release.AspNetCompiler.PhysicalPath = "ASP3-CustomerManagement\"
		Release.AspNetCompiler.TargetPath = "PrecompiledWeb\localhost_57119\"
		Release.AspNetCompiler.Updateable = "true"
		Release.AspNetCompiler.ForceOverwrite = "true"
		Release.AspNetCompiler.FixedNames = "false"
		Release.AspNetCompiler.Debug = "False"
		VWDPort = "57119"
		SlnRelativePath = "ASP3-CustomerManagement\"
		DefaultWebSiteLanguage = "Visual C#"
	EndProjectSection
EndProject
Global
	GlobalSection(SolutionConfigurationPlatforms) = preSolution
		Debug|Any CPU = Debug|Any CPU
	EndGlobalSection
	GlobalSection(ProjectConfigurationPlatforms) = postSolution
		{96E69255-0018-4491-B424-5B92939C019C}.Debug|Any CPU.ActiveCfg = Debug|Any CPU
		{96E69255-0018-4491-B424-5B92939C019C}.Debug|Any CPU.Build.0 = Debug|Any CPU
	EndGlobalSection
	GlobalSection(SolutionProperties) = preSolution
		HideSolutionNode = FALSE
	EndGlobalSection
	GlobalSection(ExtensibilityGlobals) = postSolution
		SolutionGuid = {FE176B63-439E-4EBF-8068-51D1932D7D93}
	EndGlobalSection
EndGlobal
